
Microsoft Visual Studio Solution File, Format Version 12.00
# Visual Studio Version 17
VisualStudioVersion = 17.0.31903.59
MinimumVisualStudioVersion = 10.0.40219.1
Project("{9A19103F-16F7-4668-BE54-9A1E7A4F7556}") = "Todo", "Todo\Todo.csproj", "{E9AF2034-2A4E-44FE-8E1E-6FC8DCC95D69}"
EndProject
Project("{FAE04EC0-301F-11D3-BF4B-00C04F79EFBC}") = "Blog", "Blog\Blog.csproj", "{F54FC1F0-1244-412C-A3CB-FA1E21C61114}"
EndProject
Global
	GlobalSection(SolutionConfigurationPlatforms) = preSolution
		Debug|Any CPU = Debug|Any CPU
		Release|Any CPU = Release|Any CPU
	EndGlobalSection
	GlobalSection(ProjectConfigurationPlatforms) = postSolution
		{E9AF2034-2A4E-44FE-8E1E-6FC8DCC95D69}.Debug|Any CPU.ActiveCfg = Debug|Any CPU
		{E9AF2034-2A4E-44FE-8E1E-6FC8DCC95D69}.Debug|Any CPU.Build.0 = Debug|Any CPU
		{E9AF2034-2A4E-44FE-8E1E-6FC8DCC95D69}.Release|Any CPU.ActiveCfg = Release|Any CPU
		{E9AF2034-2A4E-44FE-8E1E-6FC8DCC95D69}.Release|Any CPU.Build.0 = Release|Any CPU
		{F54FC1F0-1244-412C-A3CB-FA1E21C61114}.Debug|Any CPU.ActiveCfg = Debug|Any CPU
		{F54FC1F0-1244-412C-A3CB-FA1E21C61114}.Debug|Any CPU.Build.0 = Debug|Any CPU
		{F54FC1F0-1244-412C-A3CB-FA1E21C61114}.Release|Any CPU.ActiveCfg = Release|Any CPU
		{F54FC1F0-1244-412C-A3CB-FA1E21C61114}.Release|Any CPU.Build.0 = Release|Any CPU
	EndGlobalSection
	GlobalSection(SolutionProperties) = preSolution
		HideSolutionNode = FALSE
	EndGlobalSection
	GlobalSection(ExtensibilityGlobals) = postSolution
		SolutionGuid = {E4299FDC-C67F-4260-B384-650CDC06B566}
	EndGlobalSection
EndGlobal
